%{"dialyxir": {:hex, :dialyxir, "0.5.0", "5bc543f9c28ecd51b99cc1a685a3c2a1a93216990347f259406a910cf048d1d7", [:mix], []},
  "pollution": {:git, "http://github.com/jnyinglis/pollution.git", "4e35c281c8356e88c71d3468a5f064a7f598a03f", []},
  "quixir": {:git, "http://github.com/jnyinglis/quixir.git", "7ec6118ae32c5cb6717dc56eb0c1f6838bb23546", []}}
